
Microsoft Visual Studio Solution File, Format Version 12.00
# Visual Studio 2012
Project("{E24C65DC-7377-472B-9ABA-BC803B73C61A}") = "BMS", ".", "{6AC28CE8-62E0-430C-9535-FC813AFAEAAC}"
	ProjectSection(WebsiteProperties) = preProject
		TargetFrameworkMoniker = ".NETFramework,Version%3Dv4.5"
		Debug.AspNetCompiler.VirtualPath = "/BMS"
		Debug.AspNetCompiler.PhysicalPath = "D:\WORK\Atul\Budget Management System-03-02-2021\BMS\"
		Debug.AspNetCompiler.TargetPath = "PrecompiledWeb\BMS\"
		Debug.AspNetCompiler.Updateable = "true"
		Debug.AspNetCompiler.ForceOverwrite = "true"
		Debug.AspNetCompiler.FixedNames = "false"
		Debug.AspNetCompiler.Debug = "True"
		Release.AspNetCompiler.VirtualPath = "/BMS"
		Release.AspNetCompiler.PhysicalPath = "D:\WORK\Atul\Budget Management System-03-02-2021\BMS\"
		Release.AspNetCompiler.TargetPath = "PrecompiledWeb\BMS\"
		Release.AspNetCompiler.Updateable = "true"
		Release.AspNetCompiler.ForceOverwrite = "true"
		Release.AspNetCompiler.FixedNames = "false"
		Release.AspNetCompiler.Debug = "False"
		VWDPort = "3074"
	EndProjectSection
EndProject
Global
	GlobalSection(SolutionConfigurationPlatforms) = preSolution
		Debug|Any CPU = Debug|Any CPU
	EndGlobalSection
	GlobalSection(ProjectConfigurationPlatforms) = postSolution
		{6AC28CE8-62E0-430C-9535-FC813AFAEAAC}.Debug|Any CPU.ActiveCfg = Debug|Any CPU
		{6AC28CE8-62E0-430C-9535-FC813AFAEAAC}.Debug|Any CPU.Build.0 = Debug|Any CPU
	EndGlobalSection
	GlobalSection(SolutionProperties) = preSolution
		HideSolutionNode = FALSE
	EndGlobalSection
EndGlobal
